
Microsoft Visual Studio Solution File, Format Version 12.00
# Visual Studio Version 16
VisualStudioVersion = 16.0.29709.97
MinimumVisualStudioVersion = 10.0.40219.1
Project("{FAE04EC0-301F-11D3-BF4B-00C04F79EFBC}") = "FamilyTasksTracker", "FamilyTasksTracker\FamilyTasksTracker.csproj", "{F628212B-FA73-4821-8734-79019CC6725D}"
EndProject
Global
	GlobalSection(SolutionConfigurationPlatforms) = preSolution
		Debug|Any CPU = Debug|Any CPU
		Release|Any CPU = Release|Any CPU
	EndGlobalSection
	GlobalSection(ProjectConfigurationPlatforms) = postSolution
		{F628212B-FA73-4821-8734-79019CC6725D}.Debug|Any CPU.ActiveCfg = Debug|Any CPU
		{F628212B-FA73-4821-8734-79019CC6725D}.Debug|Any CPU.Build.0 = Debug|Any CPU
		{F628212B-FA73-4821-8734-79019CC6725D}.Release|Any CPU.ActiveCfg = Release|Any CPU
		{F628212B-FA73-4821-8734-79019CC6725D}.Release|Any CPU.Build.0 = Release|Any CPU
	EndGlobalSection
	GlobalSection(SolutionProperties) = preSolution
		HideSolutionNode = FALSE
	EndGlobalSection
	GlobalSection(ExtensibilityGlobals) = postSolution
		SolutionGuid = {49F7BDB4-0127-47EF-9D3B-FB49CC4E821C}
	EndGlobalSection
EndGlobal
